{
  "name": "led-matrix",
  "version": "1.0.0",
  "lockfileVersion": 1,
  "requires": true,
  "dependencies": {
    "matrix-display-store": {
      "version": "1.0.0",
      "resolved": "https://registry.npmjs.org/matrix-display-store/-/matrix-display-store-1.0.0.tgz",
      "integrity": "sha512-XweRNtwARjGVsfKoJpBP3SCiXdBvhJ5wHLt/4cnOeaM5Dq2gyzmFGMXpEnZKLtd5Rx8ZH40fYYSxlQrIhvKJBA=="
    },
    "typescript": {
      "version": "2.8.1",
      "resolved": "https://registry.npmjs.org/typescript/-/typescript-2.8.1.tgz",
      "integrity": "sha512-Ao/f6d/4EPLq0YwzsQz8iXflezpTkQzqAyenTiw4kCUGr1uPiFLC3+fZ+gMZz6eeI/qdRUqvC+HxIJzUAzEFdg==",
      "dev": true
    }
  }
}
